{
    "_meta": {
        "hash": {
            "sha256": "131d0a95556db822daeb07b1a903df0e3a7d4464b20cf5182fc0dc47c5c2afa6"
        },
        "host-environment-markers": {
            "implementation_name": "cpython",
            "implementation_version": "3.6.4",
            "os_name": "posix",
            "platform_machine": "x86_64",
            "platform_python_implementation": "CPython",
            "platform_release": "4.14.8-1-default",
            "platform_system": "Linux",
            "platform_version": "#1 SMP PREEMPT Wed Dec 20 10:40:41 UTC 2017 (674981b)",
            "python_full_version": "3.6.4",
            "python_version": "3.6",
            "sys_platform": "linux"
        },
        "pipfile-spec": 6,
        "requires": {},
        "sources": [
            {
                "name": "pypi",
                "url": "https://pypi.python.org/simple",
                "verify_ssl": true
            }
        ]
    },
    "default": {
        "aiofiles": {
            "hashes": [
                "sha256:25c66ea3872d05d53292a6b3f7fa0f86691512076446d83a505d227b5e76f668",
                "sha256:852a493a877b73e11823bfd4e8e5ef2610d70d12c9eaed961bcd9124d8de8c10"
            ],
            "version": "==0.3.2"
        },
        "aiohttp": {
            "hashes": [
                "sha256:834f687b806fbf49cb135b5a208b5c27338e19c219d6e09e9049936e01e8bea8",
                "sha256:6b8c5a00432b8a5a083792006e8fdfb558b8b10019ce254200855264d3a25895",
                "sha256:7b407c22b0ab473ffe0a7d3231f2084a8ae80fdb64a31842b88d57d6b7bdab7c",
                "sha256:14821eb8613bfab9118be3c55afc87bf4cef97689896fa0874c6877b117afbeb",
                "sha256:8f32a4e157bad9c60ebc38c3bb93fcc907a020b017ddf8f7ab1580390e21940e",
                "sha256:82a9068d9cb15eb2d99ecf39f8d56b4ed9f931a77a3622a0de747465fd2a7b96",
                "sha256:7ac6378ae364d8e5e5260c7224ea4a1965cb6f4719f15d0552349d0b0cc93953",
                "sha256:5a952d4af7de5f78dfb3206dbc352717890b37d447f0bbd4b5969b3c8bb713af",
                "sha256:b25c7720c495048ed658086a29925ab485ac7ececf1b346f2b459e5431d85016",
                "sha256:528b0b811b6260a79222b055664b82093d01f35fe5c82521d8659cb2b28b8044",
                "sha256:46ace48789865a89992419205024ae451d577876f9919fbb0f22f71189822dea",
                "sha256:5436ca0ed752bb05a399fc07dc86dc23c756db523a3b7d5da46a457eacf4c4b5",
                "sha256:f5e7d41d924a1d5274060c467539ee0c4f3bab318c1671ad65abd91f6b637baf",
                "sha256:a8c12f3184c7cad8f66cae6c945d2c97e598b0cb7afd655a5b9471475e67f30e",
                "sha256:756fc336a29c551b02252685f01bc87116bc9b04bbd02c1a6b8a96b3c6ad713b",
                "sha256:cf790e61c2af0278f39dcedad9a22532bf81fb029c2cd73b1ceba7bea062c908",
                "sha256:44c9cf24e63576244c13265ef0786b56d6751f5fb722225ecc021d6ecf91b4d2",
                "sha256:ef1a36a16e72b6689ce0a6c7fc6bd88837d8fef4590b16bd72817644ae1f414d",
                "sha256:3a4cdb9ca87c099d8ba5eb91cb8f000b60c21f8c1b50c75e04e8777e903bd278",
                "sha256:f72bb19cece43483171264584bbaaf8b97717d9c0f244d1ef4a51df1cdb34085",
                "sha256:c77e29243a79e376a1b51d71a13df4a61bc54fd4d9597ce3790b8d82ec6eb44d",
                "sha256:8adda6583ba438a4c70693374e10b60168663ffa6564c5c75d3c7a9055290964"
            ],
            "version": "==2.3.10"
        },
        "async-timeout": {
            "hashes": [
                "sha256:d3a195a827b0f4068d1616ae2da04aac62e365d14f2b13dbc071f9feed9db4e2",
                "sha256:c17d8ac2d735d59aa62737d76f2787a6c938f5a944ecf768a8c0ab70b0dea566"
            ],
            "version": "==2.0.0"
        },
        "beautifulsoup4": {
            "hashes": [
                "sha256:7015e76bf32f1f574636c4288399a6de66ce08fb7b2457f628a8d70c0fbabb11",
                "sha256:11a9a27b7d3bddc6d86f59fb76afb70e921a25ac2d6cc55b40d072bd68435a76",
                "sha256:808b6ac932dccb0a4126558f7dfdcf41710dd44a4ef497a0bb59a77f9f078e89"
            ],
            "version": "==4.6.0"
        },
        "bs4": {
            "hashes": [
                "sha256:36ecea1fd7cc5c0c6e4a1ff075df26d50da647b75376626cc186e2212886dd3a"
            ],
            "version": "==0.0.1"
        },
        "cachalot": {
            "hashes": [
                "sha256:e3758622658fa13c2ba610eff86a0df572bc3b5f9cc672abc9e037b9d7b45984",
                "sha256:95af354e5c925c111f259c86778c1e198899a904cdfb2ee07ab9c3faa9c641ea",
                "sha256:48e6bd89839a120bfa2b08ad3fa1239ff9fa4c5c6e5d0197b88d1af6ee1bf308"
            ],
            "version": "==0.1.0"
        },
        "chardet": {
            "hashes": [
                "sha256:fc323ffcaeaed0e0a02bf4d117757b98aed530d9ed4531e3e15460124c106691",
                "sha256:84ab92ed1c4d4f16916e05906b6b75a6c0fb5db821cc65e70cbd64a3e2a5eaae"
            ],
            "version": "==3.0.4"
        },
        "cliff": {
            "hashes": [
                "sha256:4ffe9da189705d9bc1c91ae58005cf7a5f664cc456724a547604ef398c965d83",
                "sha256:38a318fb2927edb61cae365d4bf3a8241f222e2b30cc9e448ae5b92665802a85"
            ],
            "version": "==2.11.0"
        },
        "cmd2": {
            "hashes": [
                "sha256:4b3a9d9f305039ca94deb93e0a54ba896f12d1aae7206c6283fe02c6dbb0b7ba"
            ],
            "version": "==0.8.0"
        },
        "colorama": {
            "hashes": [
                "sha256:463f8483208e921368c9f306094eb6f725c6ca42b0f97e313cb5d5512459feda",
                "sha256:48eb22f4f8461b1df5734a074b57042430fb06e1d61bd1e11b078c0fe6d7a1f1"
            ],
            "version": "==0.3.9"
        },
        "dateparser": {
            "hashes": [
                "sha256:e2629d2f8361722c6047138ca085256c9f2cf5cc657fd66122aa0564afa4dc33",
                "sha256:f8c24317120b06f71691d28076764ec084a132be2a250a78fdf54f6b427cac95"
            ],
            "version": "==0.6.0"
        },
        "future-fstrings": {
            "hashes": [
                "sha256:00085ede18906cf2a85e5d0becee2100f97d3b7ca61a257fad0ad802f103be3e",
                "sha256:87c032b444d6bce1c0610d54f0951ad34d8c42173da25bca2344dbddc4c7bd79"
            ],
            "version": "==0.4.1"
        },
        "humanize": {
            "hashes": [
                "sha256:a43f57115831ac7c70de098e6ac46ac13be00d69abbf60bdcac251344785bb19"
            ],
            "version": "==0.5.1"
        },
        "idna": {
            "hashes": [
                "sha256:8c7309c718f94b3a625cb648ace320157ad16ff131ae0af362c9f21b80ef6ec4",
                "sha256:2c6a5de3089009e3da7c5dde64a141dbc8551d5b7f6cf4ed7c2568d0cc520a8f"
            ],
            "version": "==2.6"
        },
        "idna-ssl": {
            "hashes": [
                "sha256:1227e44039bd31e02adaeafdbba61281596d623d222643fb021f87f2144ea147"
            ],
            "version": "==1.0.0"
        },
        "jsonpickle": {
            "hashes": [
                "sha256:cc25dc79571d4ad7db59d05ddb7de0d76a8d598cf6136e1dbeaa9361ebcfe749"
            ],
            "version": "==0.9.5"
        },
        "lxml": {
            "hashes": [
                "sha256:41f59cbdab232f11680d5d4dec9f2e6782fd24d78e37ee833447702e34e675f4",
                "sha256:e7e41d383f19bab9d57f5f3b18d158655bcd682e7e723f441b9e183e1e35a6b5",
                "sha256:155521c337acecf8202091cff85bb9f709f238130ebadf04280fb1db11f5ad8b",
                "sha256:d2c985d2460b81c6ca5feb8b86f1bc594ad59405d0bdf68626b85852b701553c",
                "sha256:950e63387514aa1b881eba5ac6cb2ec51a118b3dafe99dd80ca19d8fb0142f30",
                "sha256:470d7ce41e8047208ba1a376560bad17f1468df1f3097bc83902b26cfafdbb0c",
                "sha256:e608839a5ee2180164424ccf279c8e2d9bbe8816d002c58fd97d6b621ba4aa94",
                "sha256:87a66bcadac270fc010cb029022a93fc722bf1204a8b03e782d4c790f0edf7ca",
                "sha256:2dedfeeecc2d5a939cf622602f5a1ce443ca82407f386880f739f1a9f08053ad",
                "sha256:ba05732e4bcf59e948f61588851dcf620fd60d5bbd9d704203e5f59bbaa60219",
                "sha256:2190266059fec3c5a55f9d6c30532c64c6d414d3228909c0af573fe4907e78d1",
                "sha256:dd291debfaa535d9cb6cee8d7aca2328775e037d02d13f1634e57f49bc302cc4",
                "sha256:29a36e354c39b2e24bc4ee103de53417ebb80f976a6ab9e8d093d559e2ac03e1",
                "sha256:e37427d5a27eefbcfc48847e0b37f348113fac7280bc857421db39ffc6372570",
                "sha256:b106d4d2383382399ad82108fd187e92f40b1c90f55c2d36bbcb1c44bcf940fc",
                "sha256:0ee07da52d240f1dc3c83eef5cd5f1b7f018226c1121f2a54d446645779a6d17",
                "sha256:3b33549fb8f91b38a7500078242b03cca513f3412a2cdae722e89bf83f95971d",
                "sha256:4c12e90886d9c53ab434c8d0cebea122321cce19614c3c6b6d1a7700d7cc6212",
                "sha256:79322000279cda10b53c374d53ca632ead3bc51c6aebf8e62c8fa93a4d08b750",
                "sha256:6cba398eb37e0631e60e0e080c101cfe91769b2c8267105b64b4625e2581ea21",
                "sha256:49a655956f8de69e1258bc0fcfc43eb3bd1e038655784d77d1869b4b81444e37",
                "sha256:af8a5373241d09b8fc53e0490e1719ce5dc90a21b19db89b6596c1adcdd52270",
                "sha256:e6b6698415c7e8d227a47a3b1038e1b37c2b438a1b48c2db7ad9e74ddbcd1149",
                "sha256:155c916cf2645b4a8f2bd5d09065e92d1b67b8d464bdc001e0b524af84bedf6f",
                "sha256:fa7320679ced5e25b20203d157280680fc84eb783b6cc650cb0c98e1858b7dd3",
                "sha256:4187c4b0cefc3353181db048c51f42c489d9ac51e40b86c4851dc0671372971d",
                "sha256:d5d29663e979e83b3fc361e97200f959cddb3a14797391d15273d84a5a8ae44b",
                "sha256:940caef1ec7c78e0c34b0f6b94fe42d0f2022915ffc78643d28538a5cfd0f40e"
            ],
            "version": "==4.1.1"
        },
        "maya": {
            "hashes": [
                "sha256:b22d22837f921b8cbe884b6a288d9f795c58d9d9165e4a9ff80df102914e2e49",
                "sha256:bad39d8f9c6e2c8f446a2187eafbc2128aa20397787be1e4697bb29b239908f5"
            ],
            "version": "==0.3.3"
        },
        "multidict": {
            "hashes": [
                "sha256:0fd4d255adcbab3341d64a2fff5acce23409e57bb94e626485dea3db70ddc35e",
                "sha256:93f1af99bbe75c854370460a60823d6726f9af2196818a64346000d02e074ed7",
                "sha256:65546242d0c481c0daf0ef20c1be81c075fb763c5f4346f18f748b422fc40f32",
                "sha256:0462372fc74e4c061335118a4a5992b9a618d6c584b028ef03cf3e9b88a960e2",
                "sha256:63663541d395ffe4d51a3c021467d0a7b46c965b63fa1646cb46e2e2f1f36415",
                "sha256:84a1cb5320f1494cd444ca3bd09ddba2e0af0cb210f9263bcf17357ab22671a1",
                "sha256:241c11614f64535e213ea143efa8b7e598793256601fc795e77075bdfa54f5d6",
                "sha256:ea8a18ea02bf84981ec93faded773a866554666f13955c92139127892c4bb45c",
                "sha256:b46ec31bb7729eaa678a3bb1c999460902df1e295fcc093b9aa5f2c7e68d5803",
                "sha256:608f7eef60e6558418d7da6551dd3d07ccc1290ecc85755d781bd8100322ea5b",
                "sha256:068e91060e3e211441b1a31f5e65de88fc346490e1fae583c35a75a5295c8ef7",
                "sha256:288e8f94fb6f586e7386c1f22c979ce3ec866ab23371fa8fef1dd526cd4dfde1",
                "sha256:503ae54582601b0ff647731fee5efcdff5db1f4da0350febb31b628236a5f0b5",
                "sha256:6d5f6f26f9025756035c473167b39c5a72e4e519a2286c9399d21f6682e4e5bc",
                "sha256:e13265feabb1fa26f9cd49cbafd9b5de70ad768093ddb092af477c9823f44f0e",
                "sha256:50de6f3786ba868ffb7d78d4bcacf0928321f9892366b2f4a0426bba644e3f25",
                "sha256:16c78b10e897a512aa34ab1969982e42246e53077ae903c1b334926e1ea832d1",
                "sha256:e04b5bf8581718cf84c1c60bda40221d926ceb06f942ebabfc3baf467a1e34be",
                "sha256:d99819e9e15e1295a31a757360cab65bc96162870f90c29432564bd8e8999aca",
                "sha256:cd172509bfc9144395204dd2c0eb305ae5e89f8ad1714ffd7d793607c53c3244",
                "sha256:3508bea4974ee30fabcf7c8852fca7d9d54d496eaa068bee8311e0ac4df4ade3",
                "sha256:fb4412490324705dcd2172baa8a3ea58ae23c5f982476805cad58ae929fe2a52"
            ],
            "version": "==4.1.0"
        },
        "pbr": {
            "hashes": [
                "sha256:60c25b7dfd054ef9bb0ae327af949dd4676aa09ac3a9471cdc871d8a9213f9ac",
                "sha256:05f61c71aaefc02d8e37c0a3eeb9815ff526ea28b3b76324769e6158d7f95be1"
            ],
            "version": "==3.1.1"
        },
        "pendulum": {
            "hashes": [
                "sha256:6340585b4df65b88732127601c7c8556fbcf7f0f9c7270a4afc0a8eb54e62343",
                "sha256:ef3a020ecd03cdad9ada397dd868e2c09348880df82e9b41628042e37235898a",
                "sha256:755bf25dfe4455af7c296751d10abe54ffcd17394c6005c16db9f84e71b1eacf",
                "sha256:dd8b9ebe9f00392f444cf963bed8d81efa59551ca1ccdf9f01837f0fbd52af5a",
                "sha256:bffaf9b8b333a3e64527a34bc5891e182b9dcd5811d2ff6fb68452fb771de5b2",
                "sha256:d7568452b7ab30a6d6ac15a4905455a924173d17e4801fac681a67c570e6d84e",
                "sha256:ec71cea66eb8e0704e314ce693e8188d4f617e1ef84c3cd02fd11b688859062e",
                "sha256:3f16fb759e6126dd89d49886f8100caa72e5ab36563bc148b4f7eddfa0099c0f"
            ],
            "version": "==1.4.1"
        },
        "prettytable": {
            "hashes": [
                "sha256:853c116513625c738dc3ce1aee148b5b5757a86727e67eff6502c7ca59d43c36",
                "sha256:2d5460dc9db74a32bcc8f9f67de68b2c4f4d2f01fa3bd518764c69156d9cacd9",
                "sha256:a53da3b43d7a5c229b5e3ca2892ef982c46b7923b51e98f0db49956531211c4f"
            ],
            "version": "==0.7.2"
        },
        "pyparsing": {
            "hashes": [
                "sha256:fee43f17a9c4087e7ed1605bd6df994c6173c1e977d7ade7b651292fab2bd010",
                "sha256:0832bcf47acd283788593e7a0f542407bd9550a55a8a8435214a1960e04bcb04",
                "sha256:9e8143a3e15c13713506886badd96ca4b579a87fbdf49e550dbfc057d6cb218e",
                "sha256:281683241b25fe9b80ec9d66017485f6deff1af5cde372469134b56ca8447a07",
                "sha256:b8b3117ed9bdf45e14dcc89345ce638ec7e0e29b2b579fa1ecf32ce45ebac8a5",
                "sha256:8f1e18d3fd36c6795bb7e02a39fd05c611ffc2596c1e0d995d34d67630426c18",
                "sha256:e4d45427c6e20a59bf4f88c639dcc03ce30d193112047f94012102f235853a58"
            ],
            "version": "==2.2.0"
        },
        "pyperclip": {
            "hashes": [
                "sha256:ce829433a9af640e08ee89b20f7c62132714bcc5d77df114044d0fccb8c3b3b8"
            ],
            "version": "==1.6.0"
        },
        "python-dateutil": {
            "hashes": [
                "sha256:95511bae634d69bc7329ba55e646499a842bc4ec342ad54a8cdb65645a0aad3c",
                "sha256:891c38b2a02f5bb1be3e4793866c8df49c7d19baabf9c1bad62547e0b4866aca"
            ],
            "version": "==2.6.1"
        },
        "pytz": {
            "hashes": [
                "sha256:80af0f3008046b9975242012a985f04c5df1f01eed4ec1633d56cc47a75a6a48",
                "sha256:feb2365914948b8620347784b6b6da356f31c9d03560259070b2f30cff3d469d",
                "sha256:59707844a9825589878236ff2f4e0dc9958511b7ffaae94dc615da07d4a68d33",
                "sha256:d0ef5ef55ed3d37854320d4926b04a4cb42a2e88f71da9ddfdacfde8e364f027",
                "sha256:c41c62827ce9cafacd6f2f7018e4f83a6f1986e87bfd000b8cfbd4ab5da95f1a",
                "sha256:8cc90340159b5d7ced6f2ba77694d946fc975b09f1a51d93f3ce3bb399396f94",
                "sha256:dd2e4ca6ce3785c8dd342d1853dd9052b19290d5bf66060846e5dc6b8d6667f7",
                "sha256:699d18a2a56f19ee5698ab1123bbcc1d269d061996aeb1eda6d89248d3542b82",
                "sha256:fae4cffc040921b8a2d60c6cf0b5d662c1190fe54d718271db4eb17d44a185b7"
            ],
            "version": "==2017.3"
        },
        "pytzdata": {
            "hashes": [
                "sha256:7cd949123e2c2060fd12793de3a4a449e36b5dea5e169b810a3ac3f0b9877cfa",
                "sha256:4e2cceb54335cd6c28caea46b15cd592e2aec5e8b05b0241cbccfb1b23c02ae7"
            ],
            "version": "==2018.3"
        },
        "pyyaml": {
            "hashes": [
                "sha256:3262c96a1ca437e7e4763e2843746588a965426550f3797a79fca9c6199c431f",
                "sha256:16b20e970597e051997d90dc2cddc713a2876c47e3d92d59ee198700c5427736",
                "sha256:e863072cdf4c72eebf179342c94e6989c67185842d9997960b3e69290b2fa269",
                "sha256:bc6bced57f826ca7cb5125a10b23fd0f2fff3b7c4701d64c439a300ce665fff8",
                "sha256:c01b880ec30b5a6e6aa67b09a2fe3fb30473008c85cd6a67359a1b15ed6d83a4",
                "sha256:827dc04b8fa7d07c44de11fabbc888e627fa8293b695e0f99cb544fdfa1bf0d1",
                "sha256:592766c6303207a20efc445587778322d7f73b161bd994f227adaa341ba212ab",
                "sha256:5f84523c076ad14ff5e6c037fe1c89a7f73a3e04cf0377cb4d017014976433f3",
                "sha256:0c507b7f74b3d2dd4d1322ec8a94794927305ab4cebbe89cc47fe5e81541e6e8",
                "sha256:b4c423ab23291d3945ac61346feeb9a0dc4184999ede5e7c43e1ffb975130ae6",
                "sha256:ca233c64c6e40eaa6c66ef97058cdc80e8d0157a443655baa1b2966e812807ca",
                "sha256:4474f8ea030b5127225b8894d626bb66c01cda098d47a2b0d3429b6700af9fd8",
                "sha256:326420cbb492172dec84b0f65c80942de6cedb5233c413dd824483989c000608",
                "sha256:5ac82e411044fb129bae5cfbeb3ba626acb2af31a8d17d175004b70862a741a7"
            ],
            "version": "==3.12"
        },
        "regex": {
            "hashes": [
                "sha256:41f6551c1efd1944366e34067267f1ac08acd91fb34f58694e170a2d51dc27c6",
                "sha256:86f901002c7b173a4df643de5bca33472ec88ce91fc28ff3d84b1988c0327c32",
                "sha256:9de61bc26bd4720ea7061177a9a19f199d9d954a7f780982131034b41d671497",
                "sha256:b09cfdf8ccdeb8efb52fc6fe1e1cf079b9d27f09bcfe019b291b1302bc3e7470",
                "sha256:307790b616ad63eec9f47600e993d86d64394a7dfaeec74c8e90c2c697a0c68e",
                "sha256:bc729e1d586d0e59dbdbba7537d8a2646ea8d7e275bdbb508d1aca64695b92a9",
                "sha256:1deda6b50c5ac5417fa8b161f4f118186297ed2fb21946690998bc1582b26e3a",
                "sha256:5ad7ef6896d6b12db47c312c2b91d2b4125f608fee0a90f1b1ae35cae6f13c9f",
                "sha256:0a3e5ff16398b9ca57fa49144ac6b89ab6b20ec65147e76048c0283f5975d942",
                "sha256:01a53b4ba925c4397fa76ab546a77ab29d48be6f60b798cbd3ff3acae56185af",
                "sha256:fa62d5a67788cd320228b3d266a00ad3c7a877cf501441944f92b2e575de3845",
                "sha256:b8ec2838d2f21362549e70eb42f7ef25248fe73273564388db54cac68bae46a0",
                "sha256:6c18851e2da07807e69924026229f32140a2130fb35fe3d9a09760b0449da77f",
                "sha256:f5fa8f1eb6e6b6323db3b249a9fef4b4dca3a3260b6f1a39dee629baa4a8004a",
                "sha256:c5162e1ca552e50aac5101bbc97fc37562c69f939f21a13745d146ca7e748aa1"
            ],
            "version": "==2018.2.3"
        },
        "ruamel.yaml": {
            "hashes": [
                "sha256:14d161558e3bf89e87d77c218098be22fa9a0d6d0bea40250fce525b1d0cbee2",
                "sha256:fcfc24a21594c071cc4588e84b7657a1f47ebcf6037c6c43fa15c4bbd3989ec2",
                "sha256:02babffd019911841ba01b76e23dfec7c9e9b2725503fb2698c4982fa1a6e835",
                "sha256:c0908896e34b617ead40552cab03c1769bdc43d1da02419160dc900c5dfddde2",
                "sha256:01e30ecb1b1c0ebf9fce814dc20dace402571517277799291202b61b22096c24",
                "sha256:b6c5d5f03ba78e3f27c7188a00c4e09b6a4507fe3154ba40a294e09cb30ee016",
                "sha256:9225c83952d28f302cfc23c3d9a6f8231bfd581476d7aff1e3c7de49eecb4ee9",
                "sha256:c41e04b526d0153c9246cfab87d7ddefdc9f165cb8886a8ec48ba7a2b73069f6",
                "sha256:6d05c5a5baf829c70916c226ef3200650846a7227de226bca8a59efaf88bb973",
                "sha256:e3bbfe0d294e08fdbb0cb05485435a2ceb4e168e98b5dc611f051c1864986b4b",
                "sha256:68c8f2986bcb91b6db1aea8698941769840c7257e951a9377048f7eff35be773",
                "sha256:072f6364a89972e8dc0afdce3335a709d5464dfeaa4f736d092a54574338b874",
                "sha256:5504398fc755a2b14c9983b2101161a8591a4b30812590cc1c365e7fcc117dfa",
                "sha256:e2d2715bf92156bec5fb42e92e95dac1c4d9904f8a3d4e2d0c438758fe9092d7",
                "sha256:6d7929b24e329d662fa43b657fddfee5260e2d35d0a543065cd755d4e17a9b2f",
                "sha256:f2d02a4af5a13b09d0b823cdd0317b54f3e0115e50b5ac4d9840c3a1b566817f",
                "sha256:8dc74821e4bb6b21fb1ab35964e159391d99ee44981d07d57bf96e2395f3ef75"
            ],
            "version": "==0.15.35"
        },
        "six": {
            "hashes": [
                "sha256:832dc0e10feb1aa2c68dcc57dbb658f1c7e65b9b61af69048abc87a2db00a0eb",
                "sha256:70e8a77beed4562e7f14fe23a786b54f6296e34344c23bc42f07b15018ff98e9"
            ],
            "version": "==1.11.0"
        },
        "stevedore": {
            "hashes": [
                "sha256:e3d96b2c4e882ec0c1ff95eaebf7b575a779fd0ccb4c741b9832bed410d58b3d",
                "sha256:f1c7518e7b160336040fee272174f1f7b29a46febb3632502a8f2055f973d60b"
            ],
            "version": "==1.28.0"
        },
        "tinydb": {
            "hashes": [
                "sha256:071105c339b44f928968cb4e62f7340a568beb9962a3dcda66eb82da9cab0b0a"
            ],
            "version": "==3.7.0"
        },
        "tinydb-smartcache": {
            "hashes": [
                "sha256:46b3a44dd24fed9956f4a50ca799bc84cff4b3cfe758bcc9552626d12ede96c9"
            ],
            "version": "==1.0.2"
        },
        "tzlocal": {
            "hashes": [
                "sha256:4ebeb848845ac898da6519b9b31879cf13b6626f7184c496037b818e238f2c4e"
            ],
            "version": "==1.5.1"
        },
        "yarl": {
            "hashes": [
                "sha256:e938046ce94bcb21e4641712eee3f3c211fc1e5a4601fd89c031e638022097a3",
                "sha256:42a7fc3d31c4c5b7fb7102380e1518e5af88e3bec7e89acf1213973e880bff6f",
                "sha256:d861e697e4f1dbd614c29c7594f0dd3dbc48144f1e1f9ed8380604c7dde6cb19",
                "sha256:e2dbf932bc9519281393973187075f1c2261a9e58032265ae47b2e79ece30ad8",
                "sha256:f00d067a08836c03646ace00baaf59697e978d2f1958b090c3a098c59221e175",
                "sha256:0a5d90f6d6ed6204e58b9d10882ef1a1193010e76e744ba39e848e8ddf96ab7a",
                "sha256:1f96aa307067766c3edfc075739e5da8c790178d98f95e033fc8e22b8f2bc920",
                "sha256:c9adaa61e1d9487c69f40561a89fc68640dba05e014ed29315b586e106a95671",
                "sha256:9d25d6d6865979a5216b5bc2b9bd913dbaff636f74411baaa3e79c708ebeafbb",
                "sha256:c4c7682551c0b10b5c6fe0e359745759bd6298ab5839d9433ad0ed820def0d40",
                "sha256:2aec0ae0c50997e1a7af3ada4983e11caf212eee73eff6876ce26cf3a5072644",
                "sha256:f96d8bd39ee85cb9e842e3c7ad8c7cfb875bebfe07d63e87ca3e3984cb2f1546",
                "sha256:6af895b45bd49254cc309ac0fe6e1595636a024953d710e01114257736184698"
            ],
            "version": "==1.1.0"
        }
    },
    "develop": {
        "attrs": {
            "hashes": [
                "sha256:a17a9573a6f475c99b551c0e0a812707ddda1ec9653bed04c13841404ed6f450",
                "sha256:1c7960ccfd6a005cd9f7ba884e6316b5e430a3f1a6c37c5f87d8b43f83b54ec9"
            ],
            "version": "==17.4.0"
        },
        "coverage": {
            "hashes": [
                "sha256:464d85d6959497cc4adfa9f0d36fca809e2ca7ec5f4625f548317892cac6ed7c",
                "sha256:e958ab5b6a7f3b88289a25c95d031f2b62bc73219141c09d261fd97f244c124c",
                "sha256:67288f8834a0a64c1af66286b22fd325b5524ceaa153a51c3e2e30f7e8b3f826",
                "sha256:cfb6b7035c6605e2a87abe7d84ea35a107e6c432014a3f1ca243ab57a558fbcd",
                "sha256:c86a12b3dc004bcbe97a3849354bd1f93eb6fb69b0e4eb58831fd7adba7740ec",
                "sha256:8ddcf308f894d01a1a0ae01283d19b613751815b7190113266a0b7f9d076e86d",
                "sha256:adab01e4c63a01bdf036f57f0114497994aa2195d8659d12a3d69673c3f27939",
                "sha256:54d73fe68a7ac9c847af69a234a7461bbaf3cad95f258317d4584d14dd53f679",
                "sha256:a0d98c71d026c1757c7393a99d24c6e42091ff41e20e68238b17e145252c2d0a",
                "sha256:464e0eda175c7fe2dc730d9d02acde5b8a8518d9417413dee6ca187d1f65ef89",
                "sha256:2890cb40464686c0c1dccc1223664bbc34d85af053bc5dbcd71ea13959e264f2",
                "sha256:0f2315c793b1360f80a9119fff76efb7b4e5ab5062651dff515e681719f29689",
                "sha256:85c028e959312285225040cdac5ad3db6189e958a234f09ae6b4ba5f539c842d",
                "sha256:da6585339fc8a25086003a2b2c0167438b8ab0cd0ccae468d22ed603e414bba1",
                "sha256:e837865a7b20c01a8a2f904c05fba36e8406b146649ff9174cbddf32e217b777",
                "sha256:b718efb33097c7651a60a03b4b38b14776f92194bc0e9e598ce05ddaef7c70e7",
                "sha256:7413f078fbba267de44814584593a729f88fc37f2d938263844b7f4daf1e36ec",
                "sha256:47ad00a0c025f87a7528cc13d013c54e4691ae8730430e49ec9c7ace7e0e1fba",
                "sha256:95f9f5072afeb2204401401cbd0ab978a9f86ef1ebc5cd267ba431cfa581cc4d",
                "sha256:ca8827a5dad1176a8da6bf5396fd07e66549d1bc842047b76cdf69e196597a80",
                "sha256:c68164c4f49cfc2e66ca1ded62e4a1092a6bd4b2c65222059b867700ad19151c",
                "sha256:61e0bcf15aa0385e15d1fe4a86022a6b813d08c785855e3fab56ba6d7ac3dd21",
                "sha256:981a64063242a2c6c88dda33ccafe3583026847961fe56636b6a00c47674e258",
                "sha256:21e47d2ff9c75e25880dd12b316db11379e9afc98b39e9516149d189c15c564b",
                "sha256:f6b822c68f68f48d480d23fcfcd1d4df7d42ff03cf5d7b574d09e662c0b95b43",
                "sha256:53fa7aa7643a22eeadcf8b781b97a51f37d43ba1d897a05238aa7e4d11bc0667",
                "sha256:95ce1a70323d47c0f6b8d6cfd3c14c38cb30d51fd1ab4f6414734fa33a78b17e",
                "sha256:b7a06a523dfeaf417da630d46ad4f4e11ca1bae6202c9312c4cb987dde5792fc",
                "sha256:585e8db44b8f3af2a4152b00dd8a7a36bc1d2aba7de5e50fc17a54178428f0d6",
                "sha256:102933e14b726bd4fdfafb541e122ad36c150732aee36db409d8c8766e11537e",
                "sha256:15f92238487d93f7f34a3ba03be3bd4615c69cffc88388b4dd1ea99af74fc1bf",
                "sha256:319190dd7fa08c23332215782b563a9ef12b76fb15e4a325915592b825eca9ed",
                "sha256:af14e9628c0a3152b6a1fbba4471e6a3e5f5567ecae614f84b84ff3441c58692",
                "sha256:72bc3f91a25a87fd87eb57983c8cefbb8aa5bacd50d73516ade398271d652d77",
                "sha256:c3905f10786dcf386f3f6cebe0ae4a36f47e5e256471161fb944ca537e97e928",
                "sha256:3344079d73a4849341aaaecd9b391141824b8c9a96732fbd6ef95ba9566895d3"
            ],
            "version": "==4.5"
        },
        "pluggy": {
            "hashes": [
                "sha256:7f8ae7f5bdf75671a718d2daf0a64b7885f74510bcd98b1a0bb420eb9a9d0cff"
            ],
            "version": "==0.6.0"
        },
        "py": {
            "hashes": [
                "sha256:8cca5c229d225f8c1e3085be4fcf306090b00850fefad892f9d96c7b6e2f310f",
                "sha256:ca18943e28235417756316bfada6cd96b23ce60dd532642690dcfdaba988a76d"
            ],
            "version": "==1.5.2"
        },
        "pypandoc": {
            "hashes": [
                "sha256:e914e6d5f84a76764887e4d909b09d63308725f0cbb5293872c2c92f07c11a5b"
            ],
            "version": "==1.4"
        },
        "pytest": {
            "hashes": [
                "sha256:95fa025cd6deb5d937e04e368a00552332b58cae23f63b76c8c540ff1733ab6d",
                "sha256:6074ea3b9c999bd6d0df5fa9d12dd95ccd23550df2a582f5f5b848331d2e82ca"
            ],
            "version": "==3.4.0"
        },
        "pytest-asyncio": {
            "hashes": [
                "sha256:286b50773e996c80d894b95afaf45df6952408a67a59979ca9839f94693ec7fd",
                "sha256:f32804bb58a66e13a3eda11f8942a71b1b6a30466b0d2ffe9214787aab0e172e"
            ],
            "version": "==0.8.0"
        },
        "six": {
            "hashes": [
                "sha256:832dc0e10feb1aa2c68dcc57dbb658f1c7e65b9b61af69048abc87a2db00a0eb",
                "sha256:70e8a77beed4562e7f14fe23a786b54f6296e34344c23bc42f07b15018ff98e9"
            ],
            "version": "==1.11.0"
        },
        "wheel": {
            "hashes": [
                "sha256:e721e53864f084f956f40f96124a74da0631ac13fbbd1ba99e8e2b5e9cafdf64",
                "sha256:9515fe0a94e823fd90b08d22de45d7bde57c90edce705b22f5e1ecf7e1b653c8"
            ],
            "version": "==0.30.0"
        }
    }
}
