{
    "_meta": {
        "hash": {
            "sha256": "9337cbc6fe7782ad15e5c9f7d98156785f61f17ed05c300e3e8e11d924671299"
        },
        "host-environment-markers": {
            "implementation_name": "cpython",
            "implementation_version": "3.6.4",
            "os_name": "posix",
            "platform_machine": "x86_64",
            "platform_python_implementation": "CPython",
            "platform_release": "4.14.12-1-default",
            "platform_system": "Linux",
            "platform_version": "#1 SMP PREEMPT Fri Jan 5 18:15:55 UTC 2018 (3cf399e)",
            "python_full_version": "3.6.4",
            "python_version": "3.6",
            "sys_platform": "linux"
        },
        "pipfile-spec": 6,
        "requires": {},
        "sources": [
            {
                "name": "pypi",
                "url": "https://pypi.python.org/simple",
                "verify_ssl": true
            }
        ]
    },
    "default": {
        "aiofiles": {
            "hashes": [
                "sha256:25c66ea3872d05d53292a6b3f7fa0f86691512076446d83a505d227b5e76f668",
                "sha256:852a493a877b73e11823bfd4e8e5ef2610d70d12c9eaed961bcd9124d8de8c10"
            ],
            "version": "==0.3.2"
        },
        "aiohttp": {
            "hashes": [
                "sha256:3e8a93e4cb25b929354d9c88c98ca87bef6c49cd03d375f2fb4f595172fc4d62",
                "sha256:1dd839c079d25c9b458101c3b79a16ed319c27d1fbb7a98ce8a90c60f05afc2e",
                "sha256:9d874b9fa19858130c5538a12db0eadf4ea18724412bc03d78e21723202072a9",
                "sha256:0bcf2dced281db97ad6d16aefe6d846c4bc6cabf8f1bc7dd7868feb20fb039ea",
                "sha256:e909d4bc3655c8857ae5120f7ab5172c0bf11c8afda7c0ea05e91ddebd213dc4",
                "sha256:cac147cab6ea173f234ce91e941241812bc7cb1d544e4893cebff314a012844a",
                "sha256:16761ca659ce0609b76114a23f8f24c1f1e83e5cbfcd118fd29d6d3bd981fce0",
                "sha256:c44987443235468fce44be4059655311a59c1c0e8e5a2aeea38dc196d41c9c1d",
                "sha256:286aa16fca37a81a6f48c1b60178592efead43acdc0fd0ff9588b216ea848f30",
                "sha256:21f8499675437bf3a31724c360af7484bae840f0294c16d979f148343df01493",
                "sha256:fcd0e1d1d765ba24b25c3524aad9baf9e812e0983922d2528f464b0ca98fd932",
                "sha256:7cb40af76a01349e6ab84f577ffccbe4e22c738d9c5f400b3117dffcde422387",
                "sha256:1ec1a759831eca5aa20efb5023afebb915c43212635d50fad03e669a1b093ea6",
                "sha256:f0831139ee003f850eee06e345dd905f99d1b655e634f8af6f03fcdb7222d0bf",
                "sha256:bb873da531401416acb7045a8f0bdf6555e9c6866989cd977166fae3cbbb954b"
            ],
            "version": "==3.0.5"
        },
        "async-timeout": {
            "hashes": [
                "sha256:d3a195a827b0f4068d1616ae2da04aac62e365d14f2b13dbc071f9feed9db4e2",
                "sha256:c17d8ac2d735d59aa62737d76f2787a6c938f5a944ecf768a8c0ab70b0dea566"
            ],
            "version": "==2.0.0"
        },
        "attrs": {
            "hashes": [
                "sha256:a17a9573a6f475c99b551c0e0a812707ddda1ec9653bed04c13841404ed6f450",
                "sha256:1c7960ccfd6a005cd9f7ba884e6316b5e430a3f1a6c37c5f87d8b43f83b54ec9"
            ],
            "version": "==17.4.0"
        },
        "beautifulsoup4": {
            "hashes": [
                "sha256:7015e76bf32f1f574636c4288399a6de66ce08fb7b2457f628a8d70c0fbabb11",
                "sha256:11a9a27b7d3bddc6d86f59fb76afb70e921a25ac2d6cc55b40d072bd68435a76",
                "sha256:808b6ac932dccb0a4126558f7dfdcf41710dd44a4ef497a0bb59a77f9f078e89"
            ],
            "version": "==4.6.0"
        },
        "bs4": {
            "hashes": [
                "sha256:36ecea1fd7cc5c0c6e4a1ff075df26d50da647b75376626cc186e2212886dd3a"
            ],
            "version": "==0.0.1"
        },
        "cachalot": {
            "hashes": [
                "sha256:bf8f4ec70760b9fff190129dbd5ccec0f67cc78d0031f50ad312a7cd6f2eff37",
                "sha256:c38abbf308ae586c099c31524250fd02ad085e24fc18598b1082ccc8cc5dd258"
            ],
            "version": "==0.1.2"
        },
        "chardet": {
            "hashes": [
                "sha256:fc323ffcaeaed0e0a02bf4d117757b98aed530d9ed4531e3e15460124c106691",
                "sha256:84ab92ed1c4d4f16916e05906b6b75a6c0fb5db821cc65e70cbd64a3e2a5eaae"
            ],
            "version": "==3.0.4"
        },
        "cliff": {
            "hashes": [
                "sha256:4ffe9da189705d9bc1c91ae58005cf7a5f664cc456724a547604ef398c965d83",
                "sha256:38a318fb2927edb61cae365d4bf3a8241f222e2b30cc9e448ae5b92665802a85"
            ],
            "version": "==2.11.0"
        },
        "cmd2": {
            "hashes": [
                "sha256:4b3a9d9f305039ca94deb93e0a54ba896f12d1aae7206c6283fe02c6dbb0b7ba"
            ],
            "version": "==0.8.0"
        },
        "colorama": {
            "hashes": [
                "sha256:463f8483208e921368c9f306094eb6f725c6ca42b0f97e313cb5d5512459feda",
                "sha256:48eb22f4f8461b1df5734a074b57042430fb06e1d61bd1e11b078c0fe6d7a1f1"
            ],
            "version": "==0.3.9"
        },
        "dateparser": {
            "hashes": [
                "sha256:b452ef8b36cd78ae86a50721794bc674aa3994e19b570f7ba92810f4e0a2ae03",
                "sha256:940828183c937bcec530753211b70f673c0a9aab831e43273489b310538dff86"
            ],
            "version": "==0.7.0"
        },
        "future-fstrings": {
            "hashes": [
                "sha256:af4d51bcfc18bc14e48d1c39dfdd409577e5560cd210dd7b889088fffa270384",
                "sha256:ec8441f39d7083d55b2cb5b6e1a0990c3d50688e3f9886f7f933c7ffbc475b4b"
            ],
            "version": "==0.4.2"
        },
        "humanize": {
            "hashes": [
                "sha256:a43f57115831ac7c70de098e6ac46ac13be00d69abbf60bdcac251344785bb19"
            ],
            "version": "==0.5.1"
        },
        "idna": {
            "hashes": [
                "sha256:8c7309c718f94b3a625cb648ace320157ad16ff131ae0af362c9f21b80ef6ec4",
                "sha256:2c6a5de3089009e3da7c5dde64a141dbc8551d5b7f6cf4ed7c2568d0cc520a8f"
            ],
            "version": "==2.6"
        },
        "idna-ssl": {
            "hashes": [
                "sha256:1227e44039bd31e02adaeafdbba61281596d623d222643fb021f87f2144ea147"
            ],
            "version": "==1.0.0"
        },
        "jsonpickle": {
            "hashes": [
                "sha256:545b3bee0d65e1abb4baa1818edcc9ec239aa9f2ffbfde8084d71c056180054f"
            ],
            "version": "==0.9.6"
        },
        "lxml": {
            "hashes": [
                "sha256:41f59cbdab232f11680d5d4dec9f2e6782fd24d78e37ee833447702e34e675f4",
                "sha256:e7e41d383f19bab9d57f5f3b18d158655bcd682e7e723f441b9e183e1e35a6b5",
                "sha256:155521c337acecf8202091cff85bb9f709f238130ebadf04280fb1db11f5ad8b",
                "sha256:d2c985d2460b81c6ca5feb8b86f1bc594ad59405d0bdf68626b85852b701553c",
                "sha256:950e63387514aa1b881eba5ac6cb2ec51a118b3dafe99dd80ca19d8fb0142f30",
                "sha256:470d7ce41e8047208ba1a376560bad17f1468df1f3097bc83902b26cfafdbb0c",
                "sha256:e608839a5ee2180164424ccf279c8e2d9bbe8816d002c58fd97d6b621ba4aa94",
                "sha256:87a66bcadac270fc010cb029022a93fc722bf1204a8b03e782d4c790f0edf7ca",
                "sha256:2dedfeeecc2d5a939cf622602f5a1ce443ca82407f386880f739f1a9f08053ad",
                "sha256:ba05732e4bcf59e948f61588851dcf620fd60d5bbd9d704203e5f59bbaa60219",
                "sha256:2190266059fec3c5a55f9d6c30532c64c6d414d3228909c0af573fe4907e78d1",
                "sha256:dd291debfaa535d9cb6cee8d7aca2328775e037d02d13f1634e57f49bc302cc4",
                "sha256:29a36e354c39b2e24bc4ee103de53417ebb80f976a6ab9e8d093d559e2ac03e1",
                "sha256:e37427d5a27eefbcfc48847e0b37f348113fac7280bc857421db39ffc6372570",
                "sha256:b106d4d2383382399ad82108fd187e92f40b1c90f55c2d36bbcb1c44bcf940fc",
                "sha256:0ee07da52d240f1dc3c83eef5cd5f1b7f018226c1121f2a54d446645779a6d17",
                "sha256:3b33549fb8f91b38a7500078242b03cca513f3412a2cdae722e89bf83f95971d",
                "sha256:4c12e90886d9c53ab434c8d0cebea122321cce19614c3c6b6d1a7700d7cc6212",
                "sha256:79322000279cda10b53c374d53ca632ead3bc51c6aebf8e62c8fa93a4d08b750",
                "sha256:6cba398eb37e0631e60e0e080c101cfe91769b2c8267105b64b4625e2581ea21",
                "sha256:49a655956f8de69e1258bc0fcfc43eb3bd1e038655784d77d1869b4b81444e37",
                "sha256:af8a5373241d09b8fc53e0490e1719ce5dc90a21b19db89b6596c1adcdd52270",
                "sha256:e6b6698415c7e8d227a47a3b1038e1b37c2b438a1b48c2db7ad9e74ddbcd1149",
                "sha256:155c916cf2645b4a8f2bd5d09065e92d1b67b8d464bdc001e0b524af84bedf6f",
                "sha256:fa7320679ced5e25b20203d157280680fc84eb783b6cc650cb0c98e1858b7dd3",
                "sha256:4187c4b0cefc3353181db048c51f42c489d9ac51e40b86c4851dc0671372971d",
                "sha256:d5d29663e979e83b3fc361e97200f959cddb3a14797391d15273d84a5a8ae44b",
                "sha256:940caef1ec7c78e0c34b0f6b94fe42d0f2022915ffc78643d28538a5cfd0f40e"
            ],
            "version": "==4.1.1"
        },
        "maya": {
            "hashes": [
                "sha256:ad1969bae78afb148c45a2f63591a7575ec05b4a0ab7ec04987ab7d73649f9d6",
                "sha256:d8a7ed8513b2990036fe456c9f595b54d19ec49cb4461cd95a2ef6c487fb55eb"
            ],
            "version": "==0.3.4"
        },
        "multidict": {
            "hashes": [
                "sha256:0fd4d255adcbab3341d64a2fff5acce23409e57bb94e626485dea3db70ddc35e",
                "sha256:93f1af99bbe75c854370460a60823d6726f9af2196818a64346000d02e074ed7",
                "sha256:65546242d0c481c0daf0ef20c1be81c075fb763c5f4346f18f748b422fc40f32",
                "sha256:0462372fc74e4c061335118a4a5992b9a618d6c584b028ef03cf3e9b88a960e2",
                "sha256:63663541d395ffe4d51a3c021467d0a7b46c965b63fa1646cb46e2e2f1f36415",
                "sha256:84a1cb5320f1494cd444ca3bd09ddba2e0af0cb210f9263bcf17357ab22671a1",
                "sha256:241c11614f64535e213ea143efa8b7e598793256601fc795e77075bdfa54f5d6",
                "sha256:ea8a18ea02bf84981ec93faded773a866554666f13955c92139127892c4bb45c",
                "sha256:b46ec31bb7729eaa678a3bb1c999460902df1e295fcc093b9aa5f2c7e68d5803",
                "sha256:608f7eef60e6558418d7da6551dd3d07ccc1290ecc85755d781bd8100322ea5b",
                "sha256:068e91060e3e211441b1a31f5e65de88fc346490e1fae583c35a75a5295c8ef7",
                "sha256:288e8f94fb6f586e7386c1f22c979ce3ec866ab23371fa8fef1dd526cd4dfde1",
                "sha256:503ae54582601b0ff647731fee5efcdff5db1f4da0350febb31b628236a5f0b5",
                "sha256:6d5f6f26f9025756035c473167b39c5a72e4e519a2286c9399d21f6682e4e5bc",
                "sha256:e13265feabb1fa26f9cd49cbafd9b5de70ad768093ddb092af477c9823f44f0e",
                "sha256:50de6f3786ba868ffb7d78d4bcacf0928321f9892366b2f4a0426bba644e3f25",
                "sha256:16c78b10e897a512aa34ab1969982e42246e53077ae903c1b334926e1ea832d1",
                "sha256:e04b5bf8581718cf84c1c60bda40221d926ceb06f942ebabfc3baf467a1e34be",
                "sha256:d99819e9e15e1295a31a757360cab65bc96162870f90c29432564bd8e8999aca",
                "sha256:cd172509bfc9144395204dd2c0eb305ae5e89f8ad1714ffd7d793607c53c3244",
                "sha256:3508bea4974ee30fabcf7c8852fca7d9d54d496eaa068bee8311e0ac4df4ade3",
                "sha256:fb4412490324705dcd2172baa8a3ea58ae23c5f982476805cad58ae929fe2a52"
            ],
            "version": "==4.1.0"
        },
        "pbr": {
            "hashes": [
                "sha256:60c25b7dfd054ef9bb0ae327af949dd4676aa09ac3a9471cdc871d8a9213f9ac",
                "sha256:05f61c71aaefc02d8e37c0a3eeb9815ff526ea28b3b76324769e6158d7f95be1"
            ],
            "version": "==3.1.1"
        },
        "pendulum": {
            "hashes": [
                "sha256:881efe37328de0785c0731d462e1485a45712f2cd5cb55907d6c15458460ebeb",
                "sha256:3c85e8cbc91f45e1cc916cc9180b34153cd6aaaaacfb51a48b3156318314fa82",
                "sha256:0c14388546db6605a860b8b7112cb69d0b11c9ce5e072210504544e0d4575799",
                "sha256:8798aeca58b3dd7ffdc5a4993c9eaafedc4048165429e8f499ddd62c73bf3964",
                "sha256:8199206c479b13947dcac63c025575d035331bb3819d1783dc1d568a11962906",
                "sha256:bcca072f82e84b419efec1320cd3ee5c230d263f3a601b146651ed4db77d89f0",
                "sha256:ff0c5fa3af4a471a218408c448b804ac6bccb105127727474f4e83c0e4072e97",
                "sha256:39a255776528afe11ea0d57814f9bf3729c1e0b99063af2e5c6cfd750c3e1f7f"
            ],
            "version": "==1.4.2"
        },
        "prettytable": {
            "hashes": [
                "sha256:853c116513625c738dc3ce1aee148b5b5757a86727e67eff6502c7ca59d43c36",
                "sha256:2d5460dc9db74a32bcc8f9f67de68b2c4f4d2f01fa3bd518764c69156d9cacd9",
                "sha256:a53da3b43d7a5c229b5e3ca2892ef982c46b7923b51e98f0db49956531211c4f"
            ],
            "version": "==0.7.2"
        },
        "pyparsing": {
            "hashes": [
                "sha256:fee43f17a9c4087e7ed1605bd6df994c6173c1e977d7ade7b651292fab2bd010",
                "sha256:0832bcf47acd283788593e7a0f542407bd9550a55a8a8435214a1960e04bcb04",
                "sha256:9e8143a3e15c13713506886badd96ca4b579a87fbdf49e550dbfc057d6cb218e",
                "sha256:281683241b25fe9b80ec9d66017485f6deff1af5cde372469134b56ca8447a07",
                "sha256:b8b3117ed9bdf45e14dcc89345ce638ec7e0e29b2b579fa1ecf32ce45ebac8a5",
                "sha256:8f1e18d3fd36c6795bb7e02a39fd05c611ffc2596c1e0d995d34d67630426c18",
                "sha256:e4d45427c6e20a59bf4f88c639dcc03ce30d193112047f94012102f235853a58"
            ],
            "version": "==2.2.0"
        },
        "pyperclip": {
            "hashes": [
                "sha256:ce829433a9af640e08ee89b20f7c62132714bcc5d77df114044d0fccb8c3b3b8"
            ],
            "version": "==1.6.0"
        },
        "python-dateutil": {
            "hashes": [
                "sha256:95511bae634d69bc7329ba55e646499a842bc4ec342ad54a8cdb65645a0aad3c",
                "sha256:891c38b2a02f5bb1be3e4793866c8df49c7d19baabf9c1bad62547e0b4866aca"
            ],
            "version": "==2.6.1"
        },
        "pytz": {
            "hashes": [
                "sha256:ed6509d9af298b7995d69a440e2822288f2eca1681b8cce37673dbb10091e5fe",
                "sha256:f93ddcdd6342f94cea379c73cddb5724e0d6d0a1c91c9bdef364dc0368ba4fda",
                "sha256:61242a9abc626379574a166dc0e96a66cd7c3b27fc10868003fa210be4bff1c9",
                "sha256:ba18e6a243b3625513d85239b3e49055a2f0318466e0b8a92b8fb8ca7ccdf55f",
                "sha256:07edfc3d4d2705a20a6e99d97f0c4b61c800b8232dc1c04d87e8554f130148dd",
                "sha256:3a47ff71597f821cd84a162e71593004286e5be07a340fd462f0d33a760782b5",
                "sha256:5bd55c744e6feaa4d599a6cbd8228b4f8f9ba96de2c38d56f08e534b3c9edf0d",
                "sha256:887ab5e5b32e4d0c86efddd3d055c1f363cbaa583beb8da5e22d2fa2f64d51ef",
                "sha256:410bcd1d6409026fbaa65d9ed33bf6dd8b1e94a499e32168acfc7b332e4095c0"
            ],
            "version": "==2018.3"
        },
        "pytzdata": {
            "hashes": [
                "sha256:7cd949123e2c2060fd12793de3a4a449e36b5dea5e169b810a3ac3f0b9877cfa",
                "sha256:4e2cceb54335cd6c28caea46b15cd592e2aec5e8b05b0241cbccfb1b23c02ae7"
            ],
            "version": "==2018.3"
        },
        "pyyaml": {
            "hashes": [
                "sha256:3262c96a1ca437e7e4763e2843746588a965426550f3797a79fca9c6199c431f",
                "sha256:16b20e970597e051997d90dc2cddc713a2876c47e3d92d59ee198700c5427736",
                "sha256:e863072cdf4c72eebf179342c94e6989c67185842d9997960b3e69290b2fa269",
                "sha256:bc6bced57f826ca7cb5125a10b23fd0f2fff3b7c4701d64c439a300ce665fff8",
                "sha256:c01b880ec30b5a6e6aa67b09a2fe3fb30473008c85cd6a67359a1b15ed6d83a4",
                "sha256:827dc04b8fa7d07c44de11fabbc888e627fa8293b695e0f99cb544fdfa1bf0d1",
                "sha256:592766c6303207a20efc445587778322d7f73b161bd994f227adaa341ba212ab",
                "sha256:5f84523c076ad14ff5e6c037fe1c89a7f73a3e04cf0377cb4d017014976433f3",
                "sha256:0c507b7f74b3d2dd4d1322ec8a94794927305ab4cebbe89cc47fe5e81541e6e8",
                "sha256:b4c423ab23291d3945ac61346feeb9a0dc4184999ede5e7c43e1ffb975130ae6",
                "sha256:ca233c64c6e40eaa6c66ef97058cdc80e8d0157a443655baa1b2966e812807ca",
                "sha256:4474f8ea030b5127225b8894d626bb66c01cda098d47a2b0d3429b6700af9fd8",
                "sha256:326420cbb492172dec84b0f65c80942de6cedb5233c413dd824483989c000608",
                "sha256:5ac82e411044fb129bae5cfbeb3ba626acb2af31a8d17d175004b70862a741a7"
            ],
            "version": "==3.12"
        },
        "regex": {
            "hashes": [
                "sha256:333687d9a44738c486735955993f83bd22061a416c48f5a5f9e765e90cf1b0c9",
                "sha256:361a1fd703a35580a4714ec28d85e29780081a4c399a99bbfb2aee695d72aedb",
                "sha256:f69d1201a4750f763971ea8364ed95ee888fc128968b39d38883a72a4d005895",
                "sha256:a50532f61b23d4ab9d216a6214f359dd05c911c1a1ad20986b6738a782926c1a",
                "sha256:1b428a296531ea1642a7da48562746309c5c06471a97bd0c02dd6a82e9cecee8",
                "sha256:5b9c0ddd5b4afa08c9074170a2ea9b34ea296e32aeea522faaaaeeeb2fe0af2e",
                "sha256:27d72bb42dffb32516c28d218bb054ce128afd3e18464f30837166346758af67",
                "sha256:32cf4743debee9ea12d3626ee21eae83052763740e04086304e7a74778bf58c9",
                "sha256:35eeccf17af3b017a54d754e160af597036435c58eceae60f1dd1364ae1250c7",
                "sha256:be42a601aaaeb7a317f818490a39d153952a97c40c6e9beeb2a1103616405348",
                "sha256:eee4d94b1a626490fc8170ffd788883f8c641b576e11ba9b4a29c9f6623371e0",
                "sha256:32f6408dbca35040bc65f9f4ae1444d5546411fde989cb71443a182dd643305e",
                "sha256:a9243d7b359b72c681a2c32eaa7ace8d346b7e8ce09d172a683acf6853161d9c",
                "sha256:494bed6396a20d3aa6376bdf2d3fbb1005b8f4339558d8ac7b53256755f80303",
                "sha256:b44624a38d07d3c954c84ad302c29f7930f4bf01443beef5589e9157b14e2a29"
            ],
            "version": "==2018.2.21"
        },
        "ruamel.yaml": {
            "hashes": [
                "sha256:14d161558e3bf89e87d77c218098be22fa9a0d6d0bea40250fce525b1d0cbee2",
                "sha256:fcfc24a21594c071cc4588e84b7657a1f47ebcf6037c6c43fa15c4bbd3989ec2",
                "sha256:02babffd019911841ba01b76e23dfec7c9e9b2725503fb2698c4982fa1a6e835",
                "sha256:c0908896e34b617ead40552cab03c1769bdc43d1da02419160dc900c5dfddde2",
                "sha256:01e30ecb1b1c0ebf9fce814dc20dace402571517277799291202b61b22096c24",
                "sha256:b6c5d5f03ba78e3f27c7188a00c4e09b6a4507fe3154ba40a294e09cb30ee016",
                "sha256:9225c83952d28f302cfc23c3d9a6f8231bfd581476d7aff1e3c7de49eecb4ee9",
                "sha256:c41e04b526d0153c9246cfab87d7ddefdc9f165cb8886a8ec48ba7a2b73069f6",
                "sha256:6d05c5a5baf829c70916c226ef3200650846a7227de226bca8a59efaf88bb973",
                "sha256:e3bbfe0d294e08fdbb0cb05485435a2ceb4e168e98b5dc611f051c1864986b4b",
                "sha256:68c8f2986bcb91b6db1aea8698941769840c7257e951a9377048f7eff35be773",
                "sha256:072f6364a89972e8dc0afdce3335a709d5464dfeaa4f736d092a54574338b874",
                "sha256:5504398fc755a2b14c9983b2101161a8591a4b30812590cc1c365e7fcc117dfa",
                "sha256:e2d2715bf92156bec5fb42e92e95dac1c4d9904f8a3d4e2d0c438758fe9092d7",
                "sha256:6d7929b24e329d662fa43b657fddfee5260e2d35d0a543065cd755d4e17a9b2f",
                "sha256:f2d02a4af5a13b09d0b823cdd0317b54f3e0115e50b5ac4d9840c3a1b566817f",
                "sha256:8dc74821e4bb6b21fb1ab35964e159391d99ee44981d07d57bf96e2395f3ef75"
            ],
            "version": "==0.15.35"
        },
        "six": {
            "hashes": [
                "sha256:832dc0e10feb1aa2c68dcc57dbb658f1c7e65b9b61af69048abc87a2db00a0eb",
                "sha256:70e8a77beed4562e7f14fe23a786b54f6296e34344c23bc42f07b15018ff98e9"
            ],
            "version": "==1.11.0"
        },
        "stevedore": {
            "hashes": [
                "sha256:e3d96b2c4e882ec0c1ff95eaebf7b575a779fd0ccb4c741b9832bed410d58b3d",
                "sha256:f1c7518e7b160336040fee272174f1f7b29a46febb3632502a8f2055f973d60b"
            ],
            "version": "==1.28.0"
        },
        "tinydb": {
            "hashes": [
                "sha256:1c746c7dc8125412d70ca157e86e9230afff4ce2c0bd609197a647d933007f43",
                "sha256:96bd60c51a34d7844b89197d7f19a855e249635a4e23dbcf5b892a10e301c032"
            ],
            "version": "==3.8.0"
        },
        "tinydb-smartcache": {
            "hashes": [
                "sha256:46b3a44dd24fed9956f4a50ca799bc84cff4b3cfe758bcc9552626d12ede96c9"
            ],
            "version": "==1.0.2"
        },
        "tzlocal": {
            "hashes": [
                "sha256:4ebeb848845ac898da6519b9b31879cf13b6626f7184c496037b818e238f2c4e"
            ],
            "version": "==1.5.1"
        },
        "yarl": {
            "hashes": [
                "sha256:d9ca55a5a297408f08e5401c23ad22bd9f580dab899212f0d5dc1830f0909404",
                "sha256:17e57a495efea42bcfca08b49e16c6d89e003acd54c99c903ea1cb3de0ba1248",
                "sha256:3353fae45d93cc3e7e41bfcb1b633acc37db821d368e660b03068dbfcf68f8c8",
                "sha256:51a084ff8756811101f8b5031a14d1c2dd26c666976e1b18579c6b1c8761a102",
                "sha256:045dbba18c9142278113d5dc62622978a6f718ba662392d406141c59b540c514",
                "sha256:213e8f54b4a942532d6ac32314c69a147d3b82fa1725ca05061b7c1a19a1d9b1",
                "sha256:7236eba4911a5556b497235828e7a4bc5d90957efa63b7c4b3e744d2d2cf1b94",
                "sha256:e9a6a319c4bbfb57618f207e86a7c519ab0f637be3d2366e4cdac271577834b8",
                "sha256:6e75753065c310befab71c5077a59b7cb638d2146b1cfbb1c3b8f08b51362714",
                "sha256:64727a2593fdba5d6ef69e94eba793a196deeda7152c7bd3a64edda6b1f95f6e",
                "sha256:5580f22ac1298261cd24e8e584180d83e2cca9a6167113466d2d16cb2aa1f7b1",
                "sha256:e072edbd1c5628c0b8f97d00cf6c9fcd6a4ee2b5ded10d463fcb6eaa066cf40c",
                "sha256:a69dd7e262cdb265ac7d5e929d55f2f3d07baaadd158c8f19caebf8dde08dfe8"
            ],
            "version": "==1.1.1"
        }
    },
    "develop": {
        "attrs": {
            "hashes": [
                "sha256:a17a9573a6f475c99b551c0e0a812707ddda1ec9653bed04c13841404ed6f450",
                "sha256:1c7960ccfd6a005cd9f7ba884e6316b5e430a3f1a6c37c5f87d8b43f83b54ec9"
            ],
            "version": "==17.4.0"
        },
        "coverage": {
            "hashes": [
                "sha256:7608a3dd5d73cb06c531b8925e0ef8d3de31fed2544a7de6c63960a1e73ea4bc",
                "sha256:3a2184c6d797a125dca8367878d3b9a178b6fdd05fdc2d35d758c3006a1cd694",
                "sha256:f3f501f345f24383c0000395b26b726e46758b71393267aeae0bd36f8b3ade80",
                "sha256:0b136648de27201056c1869a6c0d4e23f464750fd9a9ba9750b8336a244429ed",
                "sha256:337ded681dd2ef9ca04ef5d93cfc87e52e09db2594c296b4a0a3662cb1b41249",
                "sha256:3eb42bf89a6be7deb64116dd1cc4b08171734d721e7a7e57ad64cc4ef29ed2f1",
                "sha256:be6cfcd8053d13f5f5eeb284aa8a814220c3da1b0078fa859011c7fffd86dab9",
                "sha256:69bf008a06b76619d3c3f3b1983f5145c75a305a0fea513aca094cae5c40a8f5",
                "sha256:2eb564bbf7816a9d68dd3369a510be3327f1c618d2357fa6b1216994c2e3d508",
                "sha256:9d6dd10d49e01571bf6e147d3b505141ffc093a06756c60b053a859cb2128b1f",
                "sha256:701cd6093d63e6b8ad7009d8a92425428bc4d6e7ab8d75efbb665c806c1d79ba",
                "sha256:5a13ea7911ff5e1796b6d5e4fbbf6952381a611209b736d48e675c2756f3f74e",
                "sha256:c1bb572fab8208c400adaf06a8133ac0712179a334c09224fb11393e920abcdd",
                "sha256:03481e81d558d30d230bc12999e3edffe392d244349a90f4ef9b88425fac74ba",
                "sha256:28b2191e7283f4f3568962e373b47ef7f0392993bb6660d079c62bd50fe9d162",
                "sha256:de4418dadaa1c01d497e539210cb6baa015965526ff5afc078c57ca69160108d",
                "sha256:8c3cb8c35ec4d9506979b4cf90ee9918bc2e49f84189d9bf5c36c0c1119c6558",
                "sha256:7e1fe19bd6dce69d9fd159d8e4a80a8f52101380d5d3a4d374b6d3eae0e5de9c",
                "sha256:6bc583dc18d5979dc0f6cec26a8603129de0304d5ae1f17e57a12834e7235062",
                "sha256:198626739a79b09fa0a2f06e083ffd12eb55449b5f8bfdbeed1df4910b2ca640",
                "sha256:7aa36d2b844a3e4a4b356708d79fd2c260281a7390d678a10b91ca595ddc9e99",
                "sha256:3d72c20bd105022d29b14a7d628462ebdc61de2f303322c0212a054352f3b287",
                "sha256:4635a184d0bbe537aa185a34193898eee409332a8ccb27eea36f262566585000",
                "sha256:e05cb4d9aad6233d67e0541caa7e511fa4047ed7750ec2510d466e806e0255d6",
                "sha256:76ecd006d1d8f739430ec50cc872889af1f9c1b6b8f48e29941814b09b0fd3cc",
                "sha256:7d3f553904b0c5c016d1dad058a7554c7ac4c91a789fca496e7d8347ad040653",
                "sha256:3c79a6f7b95751cdebcd9037e4d06f8d5a9b60e4ed0cd231342aa8ad7124882a",
                "sha256:56e448f051a201c5ebbaa86a5efd0ca90d327204d8b059ab25ad0f35fbfd79f1",
                "sha256:ac4fef68da01116a5c117eba4dd46f2e06847a497de5ed1d64bb99a5fda1ef91",
                "sha256:1c383d2ef13ade2acc636556fd544dba6e14fa30755f26812f54300e401f98f2",
                "sha256:b8815995e050764c8610dbc82641807d196927c3dbed207f0a079833ffcf588d",
                "sha256:104ab3934abaf5be871a583541e8829d6c19ce7bde2923b2751e0d3ca44db60a",
                "sha256:9e112fcbe0148a6fa4f0a02e8d58e94470fc6cb82a5481618fea901699bf34c4",
                "sha256:15b111b6a0f46ee1a485414a52a7ad1d703bdf984e9ed3c288a4414d3871dcbd",
                "sha256:e4d96c07229f58cb686120f168276e434660e4358cc9cf3b0464210b04913e77",
                "sha256:f8a923a85cb099422ad5a2e345fe877bbc89a8a8b23235824a93488150e45f6e"
            ],
            "version": "==4.5.1"
        },
        "pandoc": {
            "hashes": [
                "sha256:1b54f65f127583be75c74b63378ca42a8adc80955de3d33e8915fec35617b1fd"
            ],
            "version": "==1.0.2"
        },
        "pluggy": {
            "hashes": [
                "sha256:7f8ae7f5bdf75671a718d2daf0a64b7885f74510bcd98b1a0bb420eb9a9d0cff"
            ],
            "version": "==0.6.0"
        },
        "ply": {
            "hashes": [
                "sha256:096f9b8350b65ebd2fd1346b12452efe5b9607f7482813ffca50c22722a807ce",
                "sha256:00c7c1aaa88358b9c765b6d3000c6eec0ba42abca5351b095321aef446081da3"
            ],
            "version": "==3.11"
        },
        "py": {
            "hashes": [
                "sha256:8cca5c229d225f8c1e3085be4fcf306090b00850fefad892f9d96c7b6e2f310f",
                "sha256:ca18943e28235417756316bfada6cd96b23ce60dd532642690dcfdaba988a76d"
            ],
            "version": "==1.5.2"
        },
        "pypandoc": {
            "hashes": [
                "sha256:e914e6d5f84a76764887e4d909b09d63308725f0cbb5293872c2c92f07c11a5b"
            ],
            "version": "==1.4"
        },
        "pytest": {
            "hashes": [
                "sha256:8970e25181e15ab14ae895599a0a0e0ade7d1f1c4c8ca1072ce16f25526a184d",
                "sha256:9ddcb879c8cc859d2540204b5399011f842e5e8823674bf429f70ada281b3cc6"
            ],
            "version": "==3.4.1"
        },
        "pytest-asyncio": {
            "hashes": [
                "sha256:286b50773e996c80d894b95afaf45df6952408a67a59979ca9839f94693ec7fd",
                "sha256:f32804bb58a66e13a3eda11f8942a71b1b6a30466b0d2ffe9214787aab0e172e"
            ],
            "version": "==0.8.0"
        },
        "six": {
            "hashes": [
                "sha256:832dc0e10feb1aa2c68dcc57dbb658f1c7e65b9b61af69048abc87a2db00a0eb",
                "sha256:70e8a77beed4562e7f14fe23a786b54f6296e34344c23bc42f07b15018ff98e9"
            ],
            "version": "==1.11.0"
        },
        "wheel": {
            "hashes": [
                "sha256:e721e53864f084f956f40f96124a74da0631ac13fbbd1ba99e8e2b5e9cafdf64",
                "sha256:9515fe0a94e823fd90b08d22de45d7bde57c90edce705b22f5e1ecf7e1b653c8"
            ],
            "version": "==0.30.0"
        }
    }
}
